// !$*UTF8*$!
{
	archiveVersion = 1;
	classes = {
	};
	objectVersion = 50;
	objects = {

/* Begin PBXBuildFile section */
		FAE7724A25A7585900929779 /* TheseFishApp.swift in Sources */ = {isa = PBXBuildFile; fileRef = FAE7723725A7585900929779 /* TheseFishApp.swift */; };
		FAE7724B25A7585900929779 /* TheseFishApp.swift in Sources */ = {isa = PBXBuildFile; fileRef = FAE7723725A7585900929779 /* TheseFishApp.swift */; };
		FAE7724C25A7585900929779 /* ContentView.swift in Sources */ = {isa = PBXBuildFile; fileRef = FAE7723825A7585900929779 /* ContentView.swift */; };
		FAE7724D25A7585900929779 /* ContentView.swift in Sources */ = {isa = PBXBuildFile; fileRef = FAE7723825A7585900929779 /* ContentView.swift */; };
		FAE7724E25A7585900929779 /* Assets.xcassets in Resources */ = {isa = PBXBuildFile; fileRef = FAE7723925A7585900929779 /* Assets.xcassets */; };
		FAE7724F25A7585900929779 /* Assets.xcassets in Resources */ = {isa = PBXBuildFile; fileRef = FAE7723925A7585900929779 /* Assets.xcassets */; };
		FAE7725B25A7672400929779 /* ViewModel.swift in Sources */ = {isa = PBXBuildFile; fileRef = FAE7725A25A7672400929779 /* ViewModel.swift */; };
		FAE7725C25A7672400929779 /* ViewModel.swift in Sources */ = {isa = PBXBuildFile; fileRef = FAE7725A25A7672400929779 /* ViewModel.swift */; };
		FAE7726025A7681C00929779 /* ModelTheseFish.swift in Sources */ = {isa = PBXBuildFile; fileRef = FAE7725F25A7681C00929779 /* ModelTheseFish.swift */; };
		FAE7726125A7681C00929779 /* ModelTheseFish.swift in Sources */ = {isa = PBXBuildFile; fileRef = FAE7725F25A7681C00929779 /* ModelTheseFish.swift */; };
/* End PBXBuildFile section */

/* Begin PBXFileReference section */
		FAE7723725A7585900929779 /* TheseFishApp.swift */ = {isa = PBXFileReference; lastKnownFileType = sourcecode.swift; path = TheseFishApp.swift; sourceTree = "<group>"; };
		FAE7723825A7585900929779 /* ContentView.swift */ = {isa = PBXFileReference; lastKnownFileType = sourcecode.swift; path = ContentView.swift; sourceTree = "<group>"; };
		FAE7723925A7585900929779 /* Assets.xcassets */ = {isa = PBXFileReference; lastKnownFileType = folder.assetcatalog; path = Assets.xcassets; sourceTree = "<group>"; };
		FAE7723E25A7585900929779 /* TheseFish.app */ = {isa = PBXFileReference; explicitFileType = wrapper.application; includeInIndex = 0; path = TheseFish.app; sourceTree = BUILT_PRODUCTS_DIR; };
		FAE7724125A7585900929779 /* Info.plist */ = {isa = PBXFileReference; lastKnownFileType = text.plist.xml; path = Info.plist; sourceTree = "<group>"; };
		FAE7724625A7585900929779 /* TheseFish.app */ = {isa = PBXFileReference; explicitFileType = wrapper.application; includeInIndex = 0; path = TheseFish.app; sourceTree = BUILT_PRODUCTS_DIR; };
		FAE7724825A7585900929779 /* Info.plist */ = {isa = PBXFileReference; lastKnownFileType = text.plist.xml; path = Info.plist; sourceTree = "<group>"; };
		FAE7724925A7585900929779 /* macOS.entitlements */ = {isa = PBXFileReference; lastKnownFileType = text.plist.entitlements; path = macOS.entitlements; sourceTree = "<group>"; };
		FAE7725A25A7672400929779 /* ViewModel.swift */ = {isa = PBXFileReference; lastKnownFileType = sourcecode.swift; path = ViewModel.swift; sourceTree = "<group>"; };
		FAE7725F25A7681C00929779 /* ModelTheseFish.swift */ = {isa = PBXFileReference; lastKnownFileType = sourcecode.swift; path = ModelTheseFish.swift; sourceTree = "<group>"; };
/* End PBXFileReference section */

/* Begin PBXFrameworksBuildPhase section */
		FAE7723B25A7585900929779 /* Frameworks */ = {
			isa = PBXFrameworksBuildPhase;
			buildActionMask = 2147483647;
			files = (
			);
			runOnlyForDeploymentPostprocessing = 0;
		};
		FAE7724325A7585900929779 /* Frameworks */ = {
			isa = PBXFrameworksBuildPhase;
			buildActionMask = 2147483647;
			files = (
			);
			runOnlyForDeploymentPostprocessing = 0;
		};
/* End PBXFrameworksBuildPhase section */

/* Begin PBXGroup section */
		FAE7723125A7585900929779 = {
			isa = PBXGroup;
			children = (
				FAE7723625A7585900929779 /* Shared */,
				FAE7724025A7585900929779 /* iOS */,
				FAE7724725A7585900929779 /* macOS */,
				FAE7723F25A7585900929779 /* Products */,
			);
			sourceTree = "<group>";
		};
		FAE7723625A7585900929779 /* Shared */ = {
			isa = PBXGroup;
			children = (
				FAE7723725A7585900929779 /* TheseFishApp.swift */,
				FAE7723825A7585900929779 /* ContentView.swift */,
				FAE7725A25A7672400929779 /* ViewModel.swift */,
				FAE7725F25A7681C00929779 /* ModelTheseFish.swift */,
				FAE7723925A7585900929779 /* Assets.xcassets */,
			);
			path = Shared;
			sourceTree = "<group>";
		};
		FAE7723F25A7585900929779 /* Products */ = {
			isa = PBXGroup;
			children = (
				FAE7723E25A7585900929779 /* TheseFish.app */,
				FAE7724625A7585900929779 /* TheseFish.app */,
			);
			name = Products;
			sourceTree = "<group>";
		};
		FAE7724025A7585900929779 /* iOS */ = {
			isa = PBXGroup;
			children = (
				FAE7724125A7585900929779 /* Info.plist */,
			);
			path = iOS;
			sourceTree = "<group>";
		};
		FAE7724725A7585900929779 /* macOS */ = {
			isa = PBXGroup;
			children = (
				FAE7724825A7585900929779 /* Info.plist */,
				FAE7724925A7585900929779 /* macOS.entitlements */,
			);
			path = macOS;
			sourceTree = "<group>";
		};
/* End PBXGroup section */

/* Begin PBXNativeTarget section */
		FAE7723D25A7585900929779 /* TheseFish (iOS) */ = {
			isa = PBXNativeTarget;
			buildConfigurationList = FAE7725225A7585900929779 /* Build configuration list for PBXNativeTarget "TheseFish (iOS)" */;
			buildPhases = (
				FAE7723A25A7585900929779 /* Sources */,
				FAE7723B25A7585900929779 /* Frameworks */,
				FAE7723C25A7585900929779 /* Resources */,
			);
			buildRules = (
			);
			dependencies = (
			);
			name = "TheseFish (iOS)";
			productName = "TheFish (iOS)";
			productReference = FAE7723E25A7585900929779 /* TheseFish.app */;
			productType = "com.apple.product-type.application";
		};
		FAE7724525A7585900929779 /* TheseFish (macOS) */ = {
			isa = PBXNativeTarget;
			buildConfigurationList = FAE7725525A7585900929779 /* Build configuration list for PBXNativeTarget "TheseFish (macOS)" */;
			buildPhases = (
				FAE7724225A7585900929779 /* Sources */,
				FAE7724325A7585900929779 /* Frameworks */,
				FAE7724425A7585900929779 /* Resources */,
			);
			buildRules = (
			);
			dependencies = (
			);
			name = "TheseFish (macOS)";
			productName = "TheFish (macOS)";
			productReference = FAE7724625A7585900929779 /* TheseFish.app */;
			productType = "com.apple.product-type.application";
		};
/* End PBXNativeTarget section */

/* Begin PBXProject section */
		FAE7723225A7585900929779 /* Project object */ = {
			isa = PBXProject;
			attributes = {
				LastSwiftUpdateCheck = 1230;
				LastUpgradeCheck = 1230;
				TargetAttributes = {
					FAE7723D25A7585900929779 = {
						CreatedOnToolsVersion = 12.3;
					};
					FAE7724525A7585900929779 = {
						CreatedOnToolsVersion = 12.3;
					};
				};
			};
			buildConfigurationList = FAE7723525A7585900929779 /* Build configuration list for PBXProject "TheseFish" */;
			compatibilityVersion = "Xcode 9.3";
			developmentRegion = en;
			hasScannedForEncodings = 0;
			knownRegions = (
				en,
				Base,
			);
			mainGroup = FAE7723125A7585900929779;
			productRefGroup = FAE7723F25A7585900929779 /* Products */;
			projectDirPath = "";
			projectRoot = "";
			targets = (
				FAE7723D25A7585900929779 /* TheseFish (iOS) */,
				FAE7724525A7585900929779 /* TheseFish (macOS) */,
			);
		};
/* End PBXProject section */

/* Begin PBXResourcesBuildPhase section */
		FAE7723C25A7585900929779 /* Resources */ = {
			isa = PBXResourcesBuildPhase;
			buildActionMask = 2147483647;
			files = (
				FAE7724E25A7585900929779 /* Assets.xcassets in Resources */,
			);
			runOnlyForDeploymentPostprocessing = 0;
		};
		FAE7724425A7585900929779 /* Resources */ = {
			isa = PBXResourcesBuildPhase;
			buildActionMask = 2147483647;
			files = (
				FAE7724F25A7585900929779 /* Assets.xcassets in Resources */,
			);
			runOnlyForDeploymentPostprocessing = 0;
		};
/* End PBXResourcesBuildPhase section */

/* Begin PBXSourcesBuildPhase section */
		FAE7723A25A7585900929779 /* Sources */ = {
			isa = PBXSourcesBuildPhase;
			buildActionMask = 2147483647;
			files = (
				FAE7724C25A7585900929779 /* ContentView.swift in Sources */,
				FAE7726025A7681C00929779 /* ModelTheseFish.swift in Sources */,
				FAE7725B25A7672400929779 /* ViewModel.swift in Sources */,
				FAE7724A25A7585900929779 /* TheseFishApp.swift in Sources */,
			);
			runOnlyForDeploymentPostprocessing = 0;
		};
		FAE7724225A7585900929779 /* Sources */ = {
			isa = PBXSourcesBuildPhase;
			buildActionMask = 2147483647;
			files = (
				FAE7724D25A7585900929779 /* ContentView.swift in Sources */,
				FAE7726125A7681C00929779 /* ModelTheseFish.swift in Sources */,
				FAE7725C25A7672400929779 /* ViewModel.swift in Sources */,
				FAE7724B25A7585900929779 /* TheseFishApp.swift in Sources */,
			);
			runOnlyForDeploymentPostprocessing = 0;
		};
/* End PBXSourcesBuildPhase section */

/* Begin XCBuildConfiguration section */
		FAE7725025A7585900929779 /* Debug */ = {
			isa = XCBuildConfiguration;
			buildSettings = {
				ALWAYS_SEARCH_USER_PATHS = NO;
				CLANG_ANALYZER_NONNULL = YES;
				CLANG_ANALYZER_NUMBER_OBJECT_CONVERSION = YES_AGGRESSIVE;
				CLANG_CXX_LANGUAGE_STANDARD = "gnu++14";
				CLANG_CXX_LIBRARY = "libc++";
				CLANG_ENABLE_MODULES = YES;
				CLANG_ENABLE_OBJC_ARC = YES;
				CLANG_ENABLE_OBJC_WEAK = YES;
				CLANG_WARN_BLOCK_CAPTURE_AUTORELEASING = YES;
				CLANG_WARN_BOOL_CONVERSION = YES;
				CLANG_WARN_COMMA = YES;
				CLANG_WARN_CONSTANT_CONVERSION = YES;
				CLANG_WARN_DEPRECATED_OBJC_IMPLEMENTATIONS = YES;
				CLANG_WARN_DIRECT_OBJC_ISA_USAGE = YES_ERROR;
				CLANG_WARN_DOCUMENTATION_COMMENTS = YES;
				CLANG_WARN_EMPTY_BODY = YES;
				CLANG_WARN_ENUM_CONVERSION = YES;
				CLANG_WARN_INFINITE_RECURSION = YES;
				CLANG_WARN_INT_CONVERSION = YES;
				CLANG_WARN_NON_LITERAL_NULL_CONVERSION = YES;
				CLANG_WARN_OBJC_IMPLICIT_RETAIN_SELF = YES;
				CLANG_WARN_OBJC_LITERAL_CONVERSION = YES;
				CLANG_WARN_OBJC_ROOT_CLASS = YES_ERROR;
				CLANG_WARN_QUOTED_INCLUDE_IN_FRAMEWORK_HEADER = YES;
				CLANG_WARN_RANGE_LOOP_ANALYSIS = YES;
				CLANG_WARN_STRICT_PROTOTYPES = YES;
				CLANG_WARN_SUSPICIOUS_MOVE = YES;
				CLANG_WARN_UNGUARDED_AVAILABILITY = YES_AGGRESSIVE;
				CLANG_WARN_UNREACHABLE_CODE = YES;
				CLANG_WARN__DUPLICATE_METHOD_MATCH = YES;
				COPY_PHASE_STRIP = NO;
				DEBUG_INFORMATION_FORMAT = dwarf;
				ENABLE_STRICT_OBJC_MSGSEND = YES;
				ENABLE_TESTABILITY = YES;
				GCC_C_LANGUAGE_STANDARD = gnu11;
				GCC_DYNAMIC_NO_PIC = NO;
				GCC_NO_COMMON_BLOCKS = YES;
				GCC_OPTIMIZATION_LEVEL = 0;
				GCC_PREPROCESSOR_DEFINITIONS = (
					"DEBUG=1",
					"$(inherited)",
				);
				GCC_WARN_64_TO_32_BIT_CONVERSION = YES;
				GCC_WARN_ABOUT_RETURN_TYPE = YES_ERROR;
				GCC_WARN_UNDECLARED_SELECTOR = YES;
				GCC_WARN_UNINITIALIZED_AUTOS = YES_AGGRESSIVE;
				GCC_WARN_UNUSED_FUNCTION = YES;
				GCC_WARN_UNUSED_VARIABLE = YES;
				MTL_ENABLE_DEBUG_INFO = INCLUDE_SOURCE;
				MTL_FAST_MATH = YES;
				ONLY_ACTIVE_ARCH = YES;
				SWIFT_ACTIVE_COMPILATION_CONDITIONS = DEBUG;
				SWIFT_OPTIMIZATION_LEVEL = "-Onone";
			};
			name = Debug;
		};
		FAE7725125A7585900929779 /* Release */ = {
			isa = XCBuildConfiguration;
			buildSettings = {
				ALWAYS_SEARCH_USER_PATHS = NO;
				CLANG_ANALYZER_NONNULL = YES;
				CLANG_ANALYZER_NUMBER_OBJECT_CONVERSION = YES_AGGRESSIVE;
				CLANG_CXX_LANGUAGE_STANDARD = "gnu++14";
				CLANG_CXX_LIBRARY = "libc++";
				CLANG_ENABLE_MODULES = YES;
				CLANG_ENABLE_OBJC_ARC = YES;
				CLANG_ENABLE_OBJC_WEAK = YES;
				CLANG_WARN_BLOCK_CAPTURE_AUTORELEASING = YES;
				CLANG_WARN_BOOL_CONVERSION = YES;
				CLANG_WARN_COMMA = YES;
				CLANG_WARN_CONSTANT_CONVERSION = YES;
				CLANG_WARN_DEPRECATED_OBJC_IMPLEMENTATIONS = YES;
				CLANG_WARN_DIRECT_OBJC_ISA_USAGE = YES_ERROR;
				CLANG_WARN_DOCUMENTATION_COMMENTS = YES;
				CLANG_WARN_EMPTY_BODY = YES;
				CLANG_WARN_ENUM_CONVERSION = YES;
				CLANG_WARN_INFINITE_RECURSION = YES;
				CLANG_WARN_INT_CONVERSION = YES;
				CLANG_WARN_NON_LITERAL_NULL_CONVERSION = YES;
				CLANG_WARN_OBJC_IMPLICIT_RETAIN_SELF = YES;
				CLANG_WARN_OBJC_LITERAL_CONVERSION = YES;
				CLANG_WARN_OBJC_ROOT_CLASS = YES_ERROR;
				CLANG_WARN_QUOTED_INCLUDE_IN_FRAMEWORK_HEADER = YES;
				CLANG_WARN_RANGE_LOOP_ANALYSIS = YES;
				CLANG_WARN_STRICT_PROTOTYPES = YES;
				CLANG_WARN_SUSPICIOUS_MOVE = YES;
				CLANG_WARN_UNGUARDED_AVAILABILITY = YES_AGGRESSIVE;
				CLANG_WARN_UNREACHABLE_CODE = YES;
				CLANG_WARN__DUPLICATE_METHOD_MATCH = YES;
				COPY_PHASE_STRIP = NO;
				DEBUG_INFORMATION_FORMAT = "dwarf-with-dsym";
				ENABLE_NS_ASSERTIONS = NO;
				ENABLE_STRICT_OBJC_MSGSEND = YES;
				GCC_C_LANGUAGE_STANDARD = gnu11;
				GCC_NO_COMMON_BLOCKS = YES;
				GCC_WARN_64_TO_32_BIT_CONVERSION = YES;
				GCC_WARN_ABOUT_RETURN_TYPE = YES_ERROR;
				GCC_WARN_UNDECLARED_SELECTOR = YES;
				GCC_WARN_UNINITIALIZED_AUTOS = YES_AGGRESSIVE;
				GCC_WARN_UNUSED_FUNCTION = YES;
				GCC_WARN_UNUSED_VARIABLE = YES;
				MTL_ENABLE_DEBUG_INFO = NO;
				MTL_FAST_MATH = YES;
				SWIFT_COMPILATION_MODE = wholemodule;
				SWIFT_OPTIMIZATION_LEVEL = "-O";
			};
			name = Release;
		};
		FAE7725325A7585900929779 /* Debug */ = {
			isa = XCBuildConfiguration;
			buildSettings = {
				ASSETCATALOG_COMPILER_APPICON_NAME = AppIcon;
				ASSETCATALOG_COMPILER_GLOBAL_ACCENT_COLOR_NAME = AccentColor;
				CODE_SIGN_STYLE = Automatic;
				DEVELOPMENT_TEAM = 39B93ZXWW7;
				ENABLE_PREVIEWS = YES;
				INFOPLIST_FILE = iOS/Info.plist;
				IPHONEOS_DEPLOYMENT_TARGET = 14.0;
				LD_RUNPATH_SEARCH_PATHS = (
					"$(inherited)",
					"@executable_path/Frameworks",
				);
				PRODUCT_BUNDLE_IDENTIFIER = "com.Pavel-Khlebnikov.TheFish.TheseFish";
				PRODUCT_NAME = TheseFish;
				SDKROOT = iphoneos;
				SWIFT_VERSION = 5.0;
				TARGETED_DEVICE_FAMILY = "1,2";
			};
			name = Debug;
		};
		FAE7725425A7585900929779 /* Release */ = {
			isa = XCBuildConfiguration;
			buildSettings = {
				ASSETCATALOG_COMPILER_APPICON_NAME = AppIcon;
				ASSETCATALOG_COMPILER_GLOBAL_ACCENT_COLOR_NAME = AccentColor;
				CODE_SIGN_STYLE = Automatic;
				DEVELOPMENT_TEAM = 39B93ZXWW7;
				ENABLE_PREVIEWS = YES;
				INFOPLIST_FILE = iOS/Info.plist;
				IPHONEOS_DEPLOYMENT_TARGET = 14.0;
				LD_RUNPATH_SEARCH_PATHS = (
					"$(inherited)",
					"@executable_path/Frameworks",
				);
				PRODUCT_BUNDLE_IDENTIFIER = "com.Pavel-Khlebnikov.TheFish.TheseFish";
				PRODUCT_NAME = TheseFish;
				SDKROOT = iphoneos;
				SWIFT_VERSION = 5.0;
				TARGETED_DEVICE_FAMILY = "1,2";
				VALIDATE_PRODUCT = YES;
			};
			name = Release;
		};
		FAE7725625A7585900929779 /* Debug */ = {
			isa = XCBuildConfiguration;
			buildSettings = {
				ASSETCATALOG_COMPILER_APPICON_NAME = AppIcon;
				ASSETCATALOG_COMPILER_GLOBAL_ACCENT_COLOR_NAME = AccentColor;
				CODE_SIGN_ENTITLEMENTS = macOS/macOS.entitlements;
				CODE_SIGN_STYLE = Automatic;
				COMBINE_HIDPI_IMAGES = YES;
				DEVELOPMENT_TEAM = 39B93ZXWW7;
				ENABLE_HARDENED_RUNTIME = YES;
				ENABLE_PREVIEWS = YES;
				INFOPLIST_FILE = macOS/Info.plist;
				LD_RUNPATH_SEARCH_PATHS = (
					"$(inherited)",
					"@executable_path/../Frameworks",
				);
				MACOSX_DEPLOYMENT_TARGET = 11.0;
				PRODUCT_BUNDLE_IDENTIFIER = "com.Pavel-Khlebnikov.TheFish.TheFish";
				PRODUCT_NAME = TheseFish;
				SDKROOT = macosx;
				SWIFT_VERSION = 5.0;
			};
			name = Debug;
		};
		FAE7725725A7585900929779 /* Release */ = {
			isa = XCBuildConfiguration;
			buildSettings = {
				ASSETCATALOG_COMPILER_APPICON_NAME = AppIcon;
				ASSETCATALOG_COMPILER_GLOBAL_ACCENT_COLOR_NAME = AccentColor;
				CODE_SIGN_ENTITLEMENTS = macOS/macOS.entitlements;
				CODE_SIGN_STYLE = Automatic;
				COMBINE_HIDPI_IMAGES = YES;
				DEVELOPMENT_TEAM = 39B93ZXWW7;
				ENABLE_HARDENED_RUNTIME = YES;
				ENABLE_PREVIEWS = YES;
				INFOPLIST_FILE = macOS/Info.plist;
				LD_RUNPATH_SEARCH_PATHS = (
					"$(inherited)",
					"@executable_path/../Frameworks",
				);
				MACOSX_DEPLOYMENT_TARGET = 11.0;
				PRODUCT_BUNDLE_IDENTIFIER = "com.Pavel-Khlebnikov.TheFish.TheFish";
				PRODUCT_NAME = TheseFish;
				SDKROOT = macosx;
				SWIFT_VERSION = 5.0;
			};
			name = Release;
		};
/* End XCBuildConfiguration section */

/* Begin XCConfigurationList section */
		FAE7723525A7585900929779 /* Build configuration list for PBXProject "TheseFish" */ = {
			isa = XCConfigurationList;
			buildConfigurations = (
				FAE7725025A7585900929779 /* Debug */,
				FAE7725125A7585900929779 /* Release */,
			);
			defaultConfigurationIsVisible = 0;
			defaultConfigurationName = Release;
		};
		FAE7725225A7585900929779 /* Build configuration list for PBXNativeTarget "TheseFish (iOS)" */ = {
			isa = XCConfigurationList;
			buildConfigurations = (
				FAE7725325A7585900929779 /* Debug */,
				FAE7725425A7585900929779 /* Release */,
			);
			defaultConfigurationIsVisible = 0;
			defaultConfigurationName = Release;
		};
		FAE7725525A7585900929779 /* Build configuration list for PBXNativeTarget "TheseFish (macOS)" */ = {
			isa = XCConfigurationList;
			buildConfigurations = (
				FAE7725625A7585900929779 /* Debug */,
				FAE7725725A7585900929779 /* Release */,
			);
			defaultConfigurationIsVisible = 0;
			defaultConfigurationName = Release;
		};
/* End XCConfigurationList section */
	};
	rootObject = FAE7723225A7585900929779 /* Project object */;
}
