// !$*UTF8*$!
{
	archiveVersion = 1;
	classes = {
	};
	objectVersion = 50;
	objects = {

/* Begin PBXBuildFile section */
		FAB445DB257FC8F6003EBA92 /* MyClientApp.swift in Sources */ = {isa = PBXBuildFile; fileRef = FAB445DA257FC8F6003EBA92 /* MyClientApp.swift */; };
		FAB445DD257FC8F7003EBA92 /* ContentView.swift in Sources */ = {isa = PBXBuildFile; fileRef = FAB445DC257FC8F7003EBA92 /* ContentView.swift */; };
		FAB445DF257FC8F7003EBA92 /* Assets.xcassets in Resources */ = {isa = PBXBuildFile; fileRef = FAB445DE257FC8F7003EBA92 /* Assets.xcassets */; };
		FAB445E2257FC8F7003EBA92 /* Preview Assets.xcassets in Resources */ = {isa = PBXBuildFile; fileRef = FAB445E1257FC8F7003EBA92 /* Preview Assets.xcassets */; };
		FAB445EB257FD60C003EBA92 /* ViewModel.swift in Sources */ = {isa = PBXBuildFile; fileRef = FAB445EA257FD60C003EBA92 /* ViewModel.swift */; };
		FAB445EE257FDAFD003EBA92 /* Model.swift in Sources */ = {isa = PBXBuildFile; fileRef = FAB445ED257FDAFD003EBA92 /* Model.swift */; };
/* End PBXBuildFile section */

/* Begin PBXFileReference section */
		FAB445D7257FC8F6003EBA92 /* MyClient.app */ = {isa = PBXFileReference; explicitFileType = wrapper.application; includeInIndex = 0; path = MyClient.app; sourceTree = BUILT_PRODUCTS_DIR; };
		FAB445DA257FC8F6003EBA92 /* MyClientApp.swift */ = {isa = PBXFileReference; lastKnownFileType = sourcecode.swift; path = MyClientApp.swift; sourceTree = "<group>"; };
		FAB445DC257FC8F7003EBA92 /* ContentView.swift */ = {isa = PBXFileReference; lastKnownFileType = sourcecode.swift; path = ContentView.swift; sourceTree = "<group>"; };
		FAB445DE257FC8F7003EBA92 /* Assets.xcassets */ = {isa = PBXFileReference; lastKnownFileType = folder.assetcatalog; path = Assets.xcassets; sourceTree = "<group>"; };
		FAB445E1257FC8F7003EBA92 /* Preview Assets.xcassets */ = {isa = PBXFileReference; lastKnownFileType = folder.assetcatalog; path = "Preview Assets.xcassets"; sourceTree = "<group>"; };
		FAB445E3257FC8F7003EBA92 /* Info.plist */ = {isa = PBXFileReference; lastKnownFileType = text.plist.xml; path = Info.plist; sourceTree = "<group>"; };
		FAB445EA257FD60C003EBA92 /* ViewModel.swift */ = {isa = PBXFileReference; lastKnownFileType = sourcecode.swift; path = ViewModel.swift; sourceTree = "<group>"; };
		FAB445ED257FDAFD003EBA92 /* Model.swift */ = {isa = PBXFileReference; lastKnownFileType = sourcecode.swift; path = Model.swift; sourceTree = "<group>"; };
/* End PBXFileReference section */

/* Begin PBXFrameworksBuildPhase section */
		FAB445D4257FC8F6003EBA92 /* Frameworks */ = {
			isa = PBXFrameworksBuildPhase;
			buildActionMask = 2147483647;
			files = (
			);
			runOnlyForDeploymentPostprocessing = 0;
		};
/* End PBXFrameworksBuildPhase section */

/* Begin PBXGroup section */
		FAB445CE257FC8F6003EBA92 = {
			isa = PBXGroup;
			children = (
				FAB445D9257FC8F6003EBA92 /* MyClient */,
				FAB445D8257FC8F6003EBA92 /* Products */,
			);
			sourceTree = "<group>";
		};
		FAB445D8257FC8F6003EBA92 /* Products */ = {
			isa = PBXGroup;
			children = (
				FAB445D7257FC8F6003EBA92 /* MyClient.app */,
			);
			name = Products;
			sourceTree = "<group>";
		};
		FAB445D9257FC8F6003EBA92 /* MyClient */ = {
			isa = PBXGroup;
			children = (
				FAB445DA257FC8F6003EBA92 /* MyClientApp.swift */,
				FAB445DC257FC8F7003EBA92 /* ContentView.swift */,
				FAB445ED257FDAFD003EBA92 /* Model.swift */,
				FAB445EA257FD60C003EBA92 /* ViewModel.swift */,
				FAB445DE257FC8F7003EBA92 /* Assets.xcassets */,
				FAB445E3257FC8F7003EBA92 /* Info.plist */,
				FAB445E0257FC8F7003EBA92 /* Preview Content */,
			);
			path = MyClient;
			sourceTree = "<group>";
		};
		FAB445E0257FC8F7003EBA92 /* Preview Content */ = {
			isa = PBXGroup;
			children = (
				FAB445E1257FC8F7003EBA92 /* Preview Assets.xcassets */,
			);
			path = "Preview Content";
			sourceTree = "<group>";
		};
/* End PBXGroup section */

/* Begin PBXNativeTarget section */
		FAB445D6257FC8F6003EBA92 /* MyClient */ = {
			isa = PBXNativeTarget;
			buildConfigurationList = FAB445E6257FC8F7003EBA92 /* Build configuration list for PBXNativeTarget "MyClient" */;
			buildPhases = (
				FAB445D3257FC8F6003EBA92 /* Sources */,
				FAB445D4257FC8F6003EBA92 /* Frameworks */,
				FAB445D5257FC8F6003EBA92 /* Resources */,
			);
			buildRules = (
			);
			dependencies = (
			);
			name = MyClient;
			productName = MyClient;
			productReference = FAB445D7257FC8F6003EBA92 /* MyClient.app */;
			productType = "com.apple.product-type.application";
		};
/* End PBXNativeTarget section */

/* Begin PBXProject section */
		FAB445CF257FC8F6003EBA92 /* Project object */ = {
			isa = PBXProject;
			attributes = {
				LastSwiftUpdateCheck = 1220;
				LastUpgradeCheck = 1220;
				TargetAttributes = {
					FAB445D6257FC8F6003EBA92 = {
						CreatedOnToolsVersion = 12.2;
					};
				};
			};
			buildConfigurationList = FAB445D2257FC8F6003EBA92 /* Build configuration list for PBXProject "MyClient" */;
			compatibilityVersion = "Xcode 9.3";
			developmentRegion = en;
			hasScannedForEncodings = 0;
			knownRegions = (
				en,
				Base,
			);
			mainGroup = FAB445CE257FC8F6003EBA92;
			productRefGroup = FAB445D8257FC8F6003EBA92 /* Products */;
			projectDirPath = "";
			projectRoot = "";
			targets = (
				FAB445D6257FC8F6003EBA92 /* MyClient */,
			);
		};
/* End PBXProject section */

/* Begin PBXResourcesBuildPhase section */
		FAB445D5257FC8F6003EBA92 /* Resources */ = {
			isa = PBXResourcesBuildPhase;
			buildActionMask = 2147483647;
			files = (
				FAB445E2257FC8F7003EBA92 /* Preview Assets.xcassets in Resources */,
				FAB445DF257FC8F7003EBA92 /* Assets.xcassets in Resources */,
			);
			runOnlyForDeploymentPostprocessing = 0;
		};
/* End PBXResourcesBuildPhase section */

/* Begin PBXSourcesBuildPhase section */
		FAB445D3257FC8F6003EBA92 /* Sources */ = {
			isa = PBXSourcesBuildPhase;
			buildActionMask = 2147483647;
			files = (
				FAB445DD257FC8F7003EBA92 /* ContentView.swift in Sources */,
				FAB445EB257FD60C003EBA92 /* ViewModel.swift in Sources */,
				FAB445DB257FC8F6003EBA92 /* MyClientApp.swift in Sources */,
				FAB445EE257FDAFD003EBA92 /* Model.swift in Sources */,
			);
			runOnlyForDeploymentPostprocessing = 0;
		};
/* End PBXSourcesBuildPhase section */

/* Begin XCBuildConfiguration section */
		FAB445E4257FC8F7003EBA92 /* Debug */ = {
			isa = XCBuildConfiguration;
			buildSettings = {
				ALWAYS_SEARCH_USER_PATHS = NO;
				CLANG_ANALYZER_NONNULL = YES;
				CLANG_ANALYZER_NUMBER_OBJECT_CONVERSION = YES_AGGRESSIVE;
				CLANG_CXX_LANGUAGE_STANDARD = "gnu++14";
				CLANG_CXX_LIBRARY = "libc++";
				CLANG_ENABLE_MODULES = YES;
				CLANG_ENABLE_OBJC_ARC = YES;
				CLANG_ENABLE_OBJC_WEAK = YES;
				CLANG_WARN_BLOCK_CAPTURE_AUTORELEASING = YES;
				CLANG_WARN_BOOL_CONVERSION = YES;
				CLANG_WARN_COMMA = YES;
				CLANG_WARN_CONSTANT_CONVERSION = YES;
				CLANG_WARN_DEPRECATED_OBJC_IMPLEMENTATIONS = YES;
				CLANG_WARN_DIRECT_OBJC_ISA_USAGE = YES_ERROR;
				CLANG_WARN_DOCUMENTATION_COMMENTS = YES;
				CLANG_WARN_EMPTY_BODY = YES;
				CLANG_WARN_ENUM_CONVERSION = YES;
				CLANG_WARN_INFINITE_RECURSION = YES;
				CLANG_WARN_INT_CONVERSION = YES;
				CLANG_WARN_NON_LITERAL_NULL_CONVERSION = YES;
				CLANG_WARN_OBJC_IMPLICIT_RETAIN_SELF = YES;
				CLANG_WARN_OBJC_LITERAL_CONVERSION = YES;
				CLANG_WARN_OBJC_ROOT_CLASS = YES_ERROR;
				CLANG_WARN_QUOTED_INCLUDE_IN_FRAMEWORK_HEADER = YES;
				CLANG_WARN_RANGE_LOOP_ANALYSIS = YES;
				CLANG_WARN_STRICT_PROTOTYPES = YES;
				CLANG_WARN_SUSPICIOUS_MOVE = YES;
				CLANG_WARN_UNGUARDED_AVAILABILITY = YES_AGGRESSIVE;
				CLANG_WARN_UNREACHABLE_CODE = YES;
				CLANG_WARN__DUPLICATE_METHOD_MATCH = YES;
				COPY_PHASE_STRIP = NO;
				DEBUG_INFORMATION_FORMAT = dwarf;
				ENABLE_STRICT_OBJC_MSGSEND = YES;
				ENABLE_TESTABILITY = YES;
				GCC_C_LANGUAGE_STANDARD = gnu11;
				GCC_DYNAMIC_NO_PIC = NO;
				GCC_NO_COMMON_BLOCKS = YES;
				GCC_OPTIMIZATION_LEVEL = 0;
				GCC_PREPROCESSOR_DEFINITIONS = (
					"DEBUG=1",
					"$(inherited)",
				);
				GCC_WARN_64_TO_32_BIT_CONVERSION = YES;
				GCC_WARN_ABOUT_RETURN_TYPE = YES_ERROR;
				GCC_WARN_UNDECLARED_SELECTOR = YES;
				GCC_WARN_UNINITIALIZED_AUTOS = YES_AGGRESSIVE;
				GCC_WARN_UNUSED_FUNCTION = YES;
				GCC_WARN_UNUSED_VARIABLE = YES;
				IPHONEOS_DEPLOYMENT_TARGET = 14.2;
				MTL_ENABLE_DEBUG_INFO = INCLUDE_SOURCE;
				MTL_FAST_MATH = YES;
				ONLY_ACTIVE_ARCH = YES;
				SDKROOT = iphoneos;
				SWIFT_ACTIVE_COMPILATION_CONDITIONS = DEBUG;
				SWIFT_OPTIMIZATION_LEVEL = "-Onone";
			};
			name = Debug;
		};
		FAB445E5257FC8F7003EBA92 /* Release */ = {
			isa = XCBuildConfiguration;
			buildSettings = {
				ALWAYS_SEARCH_USER_PATHS = NO;
				CLANG_ANALYZER_NONNULL = YES;
				CLANG_ANALYZER_NUMBER_OBJECT_CONVERSION = YES_AGGRESSIVE;
				CLANG_CXX_LANGUAGE_STANDARD = "gnu++14";
				CLANG_CXX_LIBRARY = "libc++";
				CLANG_ENABLE_MODULES = YES;
				CLANG_ENABLE_OBJC_ARC = YES;
				CLANG_ENABLE_OBJC_WEAK = YES;
				CLANG_WARN_BLOCK_CAPTURE_AUTORELEASING = YES;
				CLANG_WARN_BOOL_CONVERSION = YES;
				CLANG_WARN_COMMA = YES;
				CLANG_WARN_CONSTANT_CONVERSION = YES;
				CLANG_WARN_DEPRECATED_OBJC_IMPLEMENTATIONS = YES;
				CLANG_WARN_DIRECT_OBJC_ISA_USAGE = YES_ERROR;
				CLANG_WARN_DOCUMENTATION_COMMENTS = YES;
				CLANG_WARN_EMPTY_BODY = YES;
				CLANG_WARN_ENUM_CONVERSION = YES;
				CLANG_WARN_INFINITE_RECURSION = YES;
				CLANG_WARN_INT_CONVERSION = YES;
				CLANG_WARN_NON_LITERAL_NULL_CONVERSION = YES;
				CLANG_WARN_OBJC_IMPLICIT_RETAIN_SELF = YES;
				CLANG_WARN_OBJC_LITERAL_CONVERSION = YES;
				CLANG_WARN_OBJC_ROOT_CLASS = YES_ERROR;
				CLANG_WARN_QUOTED_INCLUDE_IN_FRAMEWORK_HEADER = YES;
				CLANG_WARN_RANGE_LOOP_ANALYSIS = YES;
				CLANG_WARN_STRICT_PROTOTYPES = YES;
				CLANG_WARN_SUSPICIOUS_MOVE = YES;
				CLANG_WARN_UNGUARDED_AVAILABILITY = YES_AGGRESSIVE;
				CLANG_WARN_UNREACHABLE_CODE = YES;
				CLANG_WARN__DUPLICATE_METHOD_MATCH = YES;
				COPY_PHASE_STRIP = NO;
				DEBUG_INFORMATION_FORMAT = "dwarf-with-dsym";
				ENABLE_NS_ASSERTIONS = NO;
				ENABLE_STRICT_OBJC_MSGSEND = YES;
				GCC_C_LANGUAGE_STANDARD = gnu11;
				GCC_NO_COMMON_BLOCKS = YES;
				GCC_WARN_64_TO_32_BIT_CONVERSION = YES;
				GCC_WARN_ABOUT_RETURN_TYPE = YES_ERROR;
				GCC_WARN_UNDECLARED_SELECTOR = YES;
				GCC_WARN_UNINITIALIZED_AUTOS = YES_AGGRESSIVE;
				GCC_WARN_UNUSED_FUNCTION = YES;
				GCC_WARN_UNUSED_VARIABLE = YES;
				IPHONEOS_DEPLOYMENT_TARGET = 14.2;
				MTL_ENABLE_DEBUG_INFO = NO;
				MTL_FAST_MATH = YES;
				SDKROOT = iphoneos;
				SWIFT_COMPILATION_MODE = wholemodule;
				SWIFT_OPTIMIZATION_LEVEL = "-O";
				VALIDATE_PRODUCT = YES;
			};
			name = Release;
		};
		FAB445E7257FC8F7003EBA92 /* Debug */ = {
			isa = XCBuildConfiguration;
			buildSettings = {
				ASSETCATALOG_COMPILER_APPICON_NAME = AppIcon;
				ASSETCATALOG_COMPILER_GLOBAL_ACCENT_COLOR_NAME = AccentColor;
				CODE_SIGN_STYLE = Automatic;
				DEVELOPMENT_ASSET_PATHS = "\"MyClient/Preview Content\"";
				DEVELOPMENT_TEAM = 39B93ZXWW7;
				ENABLE_PREVIEWS = YES;
				INFOPLIST_FILE = MyClient/Info.plist;
				IPHONEOS_DEPLOYMENT_TARGET = 14.0;
				LD_RUNPATH_SEARCH_PATHS = (
					"$(inherited)",
					"@executable_path/Frameworks",
				);
				PRODUCT_BUNDLE_IDENTIFIER = "com.Pavel-Khlebnikov.MyClient.MyClient";
				PRODUCT_NAME = "$(TARGET_NAME)";
				SWIFT_VERSION = 5.0;
				TARGETED_DEVICE_FAMILY = "1,2";
			};
			name = Debug;
		};
		FAB445E8257FC8F7003EBA92 /* Release */ = {
			isa = XCBuildConfiguration;
			buildSettings = {
				ASSETCATALOG_COMPILER_APPICON_NAME = AppIcon;
				ASSETCATALOG_COMPILER_GLOBAL_ACCENT_COLOR_NAME = AccentColor;
				CODE_SIGN_STYLE = Automatic;
				DEVELOPMENT_ASSET_PATHS = "\"MyClient/Preview Content\"";
				DEVELOPMENT_TEAM = 39B93ZXWW7;
				ENABLE_PREVIEWS = YES;
				INFOPLIST_FILE = MyClient/Info.plist;
				IPHONEOS_DEPLOYMENT_TARGET = 14.0;
				LD_RUNPATH_SEARCH_PATHS = (
					"$(inherited)",
					"@executable_path/Frameworks",
				);
				PRODUCT_BUNDLE_IDENTIFIER = "com.Pavel-Khlebnikov.MyClient.MyClient";
				PRODUCT_NAME = "$(TARGET_NAME)";
				SWIFT_VERSION = 5.0;
				TARGETED_DEVICE_FAMILY = "1,2";
			};
			name = Release;
		};
/* End XCBuildConfiguration section */

/* Begin XCConfigurationList section */
		FAB445D2257FC8F6003EBA92 /* Build configuration list for PBXProject "MyClient" */ = {
			isa = XCConfigurationList;
			buildConfigurations = (
				FAB445E4257FC8F7003EBA92 /* Debug */,
				FAB445E5257FC8F7003EBA92 /* Release */,
			);
			defaultConfigurationIsVisible = 0;
			defaultConfigurationName = Release;
		};
		FAB445E6257FC8F7003EBA92 /* Build configuration list for PBXNativeTarget "MyClient" */ = {
			isa = XCConfigurationList;
			buildConfigurations = (
				FAB445E7257FC8F7003EBA92 /* Debug */,
				FAB445E8257FC8F7003EBA92 /* Release */,
			);
			defaultConfigurationIsVisible = 0;
			defaultConfigurationName = Release;
		};
/* End XCConfigurationList section */
	};
	rootObject = FAB445CF257FC8F6003EBA92 /* Project object */;
}
